
Microsoft Visual Studio Solution File, Format Version 12.00
# Visual Studio Version 17
VisualStudioVersion = 17.6.33712.159
MinimumVisualStudioVersion = 10.0.40219.1
Project("{9A19103F-16F7-4668-BE54-9A1E7A4F7556}") = "Web.SysAquarismo", "Web.SysAquarismo.csproj", "{92466F34-F664-4DE0-AF57-6120EB6E82EE}"
EndProject
Project("{9A19103F-16F7-4668-BE54-9A1E7A4F7556}") = "Web.SysAquarismo.Services", "..\Web.SysAquarismo.Services\Web.SysAquarismo.Services.csproj", "{AA499FE6-7B86-41FF-94DB-596024AE9B18}"
EndProject
Project("{FAE04EC0-301F-11D3-BF4B-00C04F79EFBC}") = "Web.SysAquarismo.Domain", "..\Web.SysAquarismo.Domain\Web.SysAquarismo.Domain.csproj", "{5C814A56-700A-4906-AB90-615A3E33FD6E}"
EndProject
Global
	GlobalSection(SolutionConfigurationPlatforms) = preSolution
		Debug|Any CPU = Debug|Any CPU
		Release|Any CPU = Release|Any CPU
	EndGlobalSection
	GlobalSection(ProjectConfigurationPlatforms) = postSolution
		{92466F34-F664-4DE0-AF57-6120EB6E82EE}.Debug|Any CPU.ActiveCfg = Debug|Any CPU
		{92466F34-F664-4DE0-AF57-6120EB6E82EE}.Debug|Any CPU.Build.0 = Debug|Any CPU
		{92466F34-F664-4DE0-AF57-6120EB6E82EE}.Release|Any CPU.ActiveCfg = Release|Any CPU
		{92466F34-F664-4DE0-AF57-6120EB6E82EE}.Release|Any CPU.Build.0 = Release|Any CPU
		{AA499FE6-7B86-41FF-94DB-596024AE9B18}.Debug|Any CPU.ActiveCfg = Debug|Any CPU
		{AA499FE6-7B86-41FF-94DB-596024AE9B18}.Debug|Any CPU.Build.0 = Debug|Any CPU
		{AA499FE6-7B86-41FF-94DB-596024AE9B18}.Release|Any CPU.ActiveCfg = Release|Any CPU
		{AA499FE6-7B86-41FF-94DB-596024AE9B18}.Release|Any CPU.Build.0 = Release|Any CPU
		{5C814A56-700A-4906-AB90-615A3E33FD6E}.Debug|Any CPU.ActiveCfg = Debug|Any CPU
		{5C814A56-700A-4906-AB90-615A3E33FD6E}.Debug|Any CPU.Build.0 = Debug|Any CPU
		{5C814A56-700A-4906-AB90-615A3E33FD6E}.Release|Any CPU.ActiveCfg = Release|Any CPU
		{5C814A56-700A-4906-AB90-615A3E33FD6E}.Release|Any CPU.Build.0 = Release|Any CPU
	EndGlobalSection
	GlobalSection(SolutionProperties) = preSolution
		HideSolutionNode = FALSE
	EndGlobalSection
	GlobalSection(ExtensibilityGlobals) = postSolution
		SolutionGuid = {BBE98A3E-F5BD-49BA-9AF5-24791612CB00}
	EndGlobalSection
EndGlobal
